
Microsoft Visual Studio Solution File, Format Version 12.00
# Visual Studio 15
VisualStudioVersion = 15.0.27004.2009
MinimumVisualStudioVersion = 10.0.40219.1
Project("{FAE04EC0-301F-11D3-BF4B-00C04F79EFBC}") = "Drink Reminder", "Drink Reminder.csproj", "{7549B77D-3600-C51D-7CF2-5C28AA2F4264}"
EndProject
Project("{FAE04EC0-301F-11D3-BF4B-00C04F79EFBC}") = "Drink Reminder.Plugins", "Drink Reminder.Plugins.csproj", "{06CBDA26-B092-E979-4690-63220E938DA1}"
EndProject
Project("{FAE04EC0-301F-11D3-BF4B-00C04F79EFBC}") = "Drink Reminder.Editor.Plugins", "Drink Reminder.Editor.Plugins.csproj", "{7F253A9B-BDB7-04E4-ED9C-E25961AC65D0}"
EndProject
Global
	GlobalSection(SolutionConfigurationPlatforms) = preSolution
		Debug|Any CPU = Debug|Any CPU
		Release|Any CPU = Release|Any CPU
	EndGlobalSection
	GlobalSection(ProjectConfigurationPlatforms) = postSolution
		{7549B77D-3600-C51D-7CF2-5C28AA2F4264}.Debug|Any CPU.ActiveCfg = Debug|Any CPU
		{7549B77D-3600-C51D-7CF2-5C28AA2F4264}.Debug|Any CPU.Build.0 = Debug|Any CPU
		{7549B77D-3600-C51D-7CF2-5C28AA2F4264}.Release|Any CPU.ActiveCfg = Release|Any CPU
		{7549B77D-3600-C51D-7CF2-5C28AA2F4264}.Release|Any CPU.Build.0 = Release|Any CPU
		{06CBDA26-B092-E979-4690-63220E938DA1}.Debug|Any CPU.ActiveCfg = Debug|Any CPU
		{06CBDA26-B092-E979-4690-63220E938DA1}.Debug|Any CPU.Build.0 = Debug|Any CPU
		{06CBDA26-B092-E979-4690-63220E938DA1}.Release|Any CPU.ActiveCfg = Release|Any CPU
		{06CBDA26-B092-E979-4690-63220E938DA1}.Release|Any CPU.Build.0 = Release|Any CPU
		{7F253A9B-BDB7-04E4-ED9C-E25961AC65D0}.Debug|Any CPU.ActiveCfg = Debug|Any CPU
		{7F253A9B-BDB7-04E4-ED9C-E25961AC65D0}.Debug|Any CPU.Build.0 = Debug|Any CPU
		{7F253A9B-BDB7-04E4-ED9C-E25961AC65D0}.Release|Any CPU.ActiveCfg = Release|Any CPU
		{7F253A9B-BDB7-04E4-ED9C-E25961AC65D0}.Release|Any CPU.Build.0 = Release|Any CPU
	EndGlobalSection
	GlobalSection(SolutionProperties) = preSolution
		HideSolutionNode = FALSE
	EndGlobalSection
	GlobalSection(ExtensibilityGlobals) = postSolution
		SolutionGuid = {5D30574D-FC7B-4B13-8609-7BE589D952EF}
	EndGlobalSection
EndGlobal
