
Microsoft Visual Studio Solution File, Format Version 12.00
# Visual Studio 15
Project("{FAE04EC0-301F-11D3-BF4B-00C04F79EFBC}") = "Drink-Reminder", "Drink-Reminder.csproj", "{6FBD43C1-2C4F-76A9-F891-4F37DEC21D0F}"
EndProject
Project("{FAE04EC0-301F-11D3-BF4B-00C04F79EFBC}") = "Drink-Reminder.Plugins", "Drink-Reminder.Plugins.csproj", "{FD43EDC7-F1F7-2FC5-109B-319D7DE501E5}"
EndProject
Project("{FAE04EC0-301F-11D3-BF4B-00C04F79EFBC}") = "Drink-Reminder.Editor.Plugins", "Drink-Reminder.Editor.Plugins.csproj", "{445CE961-01CE-75D8-1EA6-8E3C7E113C74}"
EndProject
Project("{FAE04EC0-301F-11D3-BF4B-00C04F79EFBC}") = "Drink-Reminder.Editor", "Drink-Reminder.Editor.csproj", "{EDBDCC62-0650-E1C2-A6E9-6D4A8D19347D}"
EndProject
Global
	GlobalSection(SolutionConfigurationPlatforms) = preSolution
		Debug|Any CPU = Debug|Any CPU
		Release|Any CPU = Release|Any CPU
	EndGlobalSection
	GlobalSection(ProjectConfigurationPlatforms) = postSolution
		{6FBD43C1-2C4F-76A9-F891-4F37DEC21D0F}.Debug|Any CPU.ActiveCfg = Debug|Any CPU
		{6FBD43C1-2C4F-76A9-F891-4F37DEC21D0F}.Debug|Any CPU.Build.0 = Debug|Any CPU
		{6FBD43C1-2C4F-76A9-F891-4F37DEC21D0F}.Release|Any CPU.ActiveCfg = Release|Any CPU
		{6FBD43C1-2C4F-76A9-F891-4F37DEC21D0F}.Release|Any CPU.Build.0 = Release|Any CPU
		{FD43EDC7-F1F7-2FC5-109B-319D7DE501E5}.Debug|Any CPU.ActiveCfg = Debug|Any CPU
		{FD43EDC7-F1F7-2FC5-109B-319D7DE501E5}.Debug|Any CPU.Build.0 = Debug|Any CPU
		{FD43EDC7-F1F7-2FC5-109B-319D7DE501E5}.Release|Any CPU.ActiveCfg = Release|Any CPU
		{FD43EDC7-F1F7-2FC5-109B-319D7DE501E5}.Release|Any CPU.Build.0 = Release|Any CPU
		{445CE961-01CE-75D8-1EA6-8E3C7E113C74}.Debug|Any CPU.ActiveCfg = Debug|Any CPU
		{445CE961-01CE-75D8-1EA6-8E3C7E113C74}.Debug|Any CPU.Build.0 = Debug|Any CPU
		{445CE961-01CE-75D8-1EA6-8E3C7E113C74}.Release|Any CPU.ActiveCfg = Release|Any CPU
		{445CE961-01CE-75D8-1EA6-8E3C7E113C74}.Release|Any CPU.Build.0 = Release|Any CPU
		{EDBDCC62-0650-E1C2-A6E9-6D4A8D19347D}.Debug|Any CPU.ActiveCfg = Debug|Any CPU
		{EDBDCC62-0650-E1C2-A6E9-6D4A8D19347D}.Debug|Any CPU.Build.0 = Debug|Any CPU
		{EDBDCC62-0650-E1C2-A6E9-6D4A8D19347D}.Release|Any CPU.ActiveCfg = Release|Any CPU
		{EDBDCC62-0650-E1C2-A6E9-6D4A8D19347D}.Release|Any CPU.Build.0 = Release|Any CPU
	EndGlobalSection
	GlobalSection(SolutionProperties) = preSolution
		HideSolutionNode = FALSE
	EndGlobalSection
EndGlobal
